
Microsoft Visual Studio Solution File, Format Version 12.00
# Visual Studio 14
VisualStudioVersion = 14.0.25420.1
MinimumVisualStudioVersion = 10.0.40219.1
Project("{FAE04EC0-301F-11D3-BF4B-00C04F79EFBC}") = "Serialization", "ConsoleApplication1\Serialization.csproj", "{87FCCD25-F6FB-4CB8-A8EC-F32371FDACA1}"
EndProject
Project("{FAE04EC0-301F-11D3-BF4B-00C04F79EFBC}") = "Deserialization", "Deserialization\Deserialization.csproj", "{466229A7-5CC3-4B5C-B948-F258CF082FD5}"
EndProject
Global
	GlobalSection(SolutionConfigurationPlatforms) = preSolution
		Debug|Any CPU = Debug|Any CPU
		Release|Any CPU = Release|Any CPU
	EndGlobalSection
	GlobalSection(ProjectConfigurationPlatforms) = postSolution
		{87FCCD25-F6FB-4CB8-A8EC-F32371FDACA1}.Debug|Any CPU.ActiveCfg = Debug|Any CPU
		{87FCCD25-F6FB-4CB8-A8EC-F32371FDACA1}.Debug|Any CPU.Build.0 = Debug|Any CPU
		{87FCCD25-F6FB-4CB8-A8EC-F32371FDACA1}.Release|Any CPU.ActiveCfg = Release|Any CPU
		{87FCCD25-F6FB-4CB8-A8EC-F32371FDACA1}.Release|Any CPU.Build.0 = Release|Any CPU
		{466229A7-5CC3-4B5C-B948-F258CF082FD5}.Debug|Any CPU.ActiveCfg = Debug|Any CPU
		{466229A7-5CC3-4B5C-B948-F258CF082FD5}.Debug|Any CPU.Build.0 = Debug|Any CPU
		{466229A7-5CC3-4B5C-B948-F258CF082FD5}.Release|Any CPU.ActiveCfg = Release|Any CPU
		{466229A7-5CC3-4B5C-B948-F258CF082FD5}.Release|Any CPU.Build.0 = Release|Any CPU
	EndGlobalSection
	GlobalSection(SolutionProperties) = preSolution
		HideSolutionNode = FALSE
	EndGlobalSection
EndGlobal
